
Microsoft Visual Studio Solution File, Format Version 12.00
# Visual Studio Version 17
VisualStudioVersion = 17.5.33627.172
MinimumVisualStudioVersion = 10.0.40219.1
Project("{FAE04EC0-301F-11D3-BF4B-00C04F79EFBC}") = "SetRow", "SetRow\SetRow.csproj", "{CEFA5E23-327F-4232-A6A8-23D877F3A107}"
EndProject
Global
	GlobalSection(SolutionConfigurationPlatforms) = preSolution
		Debug|Any CPU = Debug|Any CPU
		Release|Any CPU = Release|Any CPU
	EndGlobalSection
	GlobalSection(ProjectConfigurationPlatforms) = postSolution
		{CEFA5E23-327F-4232-A6A8-23D877F3A107}.Debug|Any CPU.ActiveCfg = Debug|Any CPU
		{CEFA5E23-327F-4232-A6A8-23D877F3A107}.Debug|Any CPU.Build.0 = Debug|Any CPU
		{CEFA5E23-327F-4232-A6A8-23D877F3A107}.Release|Any CPU.ActiveCfg = Release|Any CPU
		{CEFA5E23-327F-4232-A6A8-23D877F3A107}.Release|Any CPU.Build.0 = Release|Any CPU
	EndGlobalSection
	GlobalSection(SolutionProperties) = preSolution
		HideSolutionNode = FALSE
	EndGlobalSection
	GlobalSection(ExtensibilityGlobals) = postSolution
		SolutionGuid = {D8BEF7FA-B47F-438C-96F7-F1C896DEB9AE}
	EndGlobalSection
EndGlobal
